
Microsoft Visual Studio Solution File, Format Version 12.00
# Visual Studio 15
VisualStudioVersion = 15.0.27004.2005
MinimumVisualStudioVersion = 10.0.40219.1
Project("{2150E333-8FDC-42A3-9474-1A3956D46DE8}") = "Web", "Web", "{CC1C6C17-59D5-423E-807D-1D9194F1139D}"
EndProject
Project("{2150E333-8FDC-42A3-9474-1A3956D46DE8}") = "Data", "Data", "{7D72A46F-E1A9-4F00-B1C3-9FC6528AB61B}"
EndProject
Project("{FAE04EC0-301F-11D3-BF4B-00C04F79EFBC}") = "Cibertec.Models", "Cibertec.Models\Cibertec.Models.csproj", "{6C858272-4D05-467D-BFEA-E745B7538A5C}"
EndProject
Project("{FAE04EC0-301F-11D3-BF4B-00C04F79EFBC}") = "Cibertec.Mvc", "Cibertec.Mvc\Cibertec.Mvc.csproj", "{0AEA27F7-2FCE-46B9-9FCB-9F7BF9EC8B4D}"
EndProject
Project("{FAE04EC0-301F-11D3-BF4B-00C04F79EFBC}") = "Cibertec.Repositories", "Cibertec.Repositories\Cibertec.Repositories.csproj", "{BB70AD19-A035-446E-94BF-D88CDCE34C26}"
EndProject
Project("{FAE04EC0-301F-11D3-BF4B-00C04F79EFBC}") = "Cibertec.UnitOfWork", "Cibertec.UnitOfWork\Cibertec.UnitOfWork.csproj", "{FF4B31E2-29D4-4C51-A7F9-0625D36FFD55}"
EndProject
Project("{FAE04EC0-301F-11D3-BF4B-00C04F79EFBC}") = "Cibertec.Repositories.Dapper", "Cibertec.Repositories.Dapper\Cibertec.Repositories.Dapper.csproj", "{086A85F2-982F-4CC0-8514-038F1FED2522}"
EndProject
Global
	GlobalSection(SolutionConfigurationPlatforms) = preSolution
		Debug|Any CPU = Debug|Any CPU
		Release|Any CPU = Release|Any CPU
	EndGlobalSection
	GlobalSection(ProjectConfigurationPlatforms) = postSolution
		{6C858272-4D05-467D-BFEA-E745B7538A5C}.Debug|Any CPU.ActiveCfg = Debug|Any CPU
		{6C858272-4D05-467D-BFEA-E745B7538A5C}.Debug|Any CPU.Build.0 = Debug|Any CPU
		{6C858272-4D05-467D-BFEA-E745B7538A5C}.Release|Any CPU.ActiveCfg = Release|Any CPU
		{6C858272-4D05-467D-BFEA-E745B7538A5C}.Release|Any CPU.Build.0 = Release|Any CPU
		{0AEA27F7-2FCE-46B9-9FCB-9F7BF9EC8B4D}.Debug|Any CPU.ActiveCfg = Debug|Any CPU
		{0AEA27F7-2FCE-46B9-9FCB-9F7BF9EC8B4D}.Debug|Any CPU.Build.0 = Debug|Any CPU
		{0AEA27F7-2FCE-46B9-9FCB-9F7BF9EC8B4D}.Release|Any CPU.ActiveCfg = Release|Any CPU
		{0AEA27F7-2FCE-46B9-9FCB-9F7BF9EC8B4D}.Release|Any CPU.Build.0 = Release|Any CPU
		{BB70AD19-A035-446E-94BF-D88CDCE34C26}.Debug|Any CPU.ActiveCfg = Debug|Any CPU
		{BB70AD19-A035-446E-94BF-D88CDCE34C26}.Debug|Any CPU.Build.0 = Debug|Any CPU
		{BB70AD19-A035-446E-94BF-D88CDCE34C26}.Release|Any CPU.ActiveCfg = Release|Any CPU
		{BB70AD19-A035-446E-94BF-D88CDCE34C26}.Release|Any CPU.Build.0 = Release|Any CPU
		{FF4B31E2-29D4-4C51-A7F9-0625D36FFD55}.Debug|Any CPU.ActiveCfg = Debug|Any CPU
		{FF4B31E2-29D4-4C51-A7F9-0625D36FFD55}.Debug|Any CPU.Build.0 = Debug|Any CPU
		{FF4B31E2-29D4-4C51-A7F9-0625D36FFD55}.Release|Any CPU.ActiveCfg = Release|Any CPU
		{FF4B31E2-29D4-4C51-A7F9-0625D36FFD55}.Release|Any CPU.Build.0 = Release|Any CPU
		{086A85F2-982F-4CC0-8514-038F1FED2522}.Debug|Any CPU.ActiveCfg = Debug|Any CPU
		{086A85F2-982F-4CC0-8514-038F1FED2522}.Debug|Any CPU.Build.0 = Debug|Any CPU
		{086A85F2-982F-4CC0-8514-038F1FED2522}.Release|Any CPU.ActiveCfg = Release|Any CPU
		{086A85F2-982F-4CC0-8514-038F1FED2522}.Release|Any CPU.Build.0 = Release|Any CPU
	EndGlobalSection
	GlobalSection(SolutionProperties) = preSolution
		HideSolutionNode = FALSE
	EndGlobalSection
	GlobalSection(NestedProjects) = preSolution
		{6C858272-4D05-467D-BFEA-E745B7538A5C} = {7D72A46F-E1A9-4F00-B1C3-9FC6528AB61B}
		{0AEA27F7-2FCE-46B9-9FCB-9F7BF9EC8B4D} = {CC1C6C17-59D5-423E-807D-1D9194F1139D}
		{BB70AD19-A035-446E-94BF-D88CDCE34C26} = {7D72A46F-E1A9-4F00-B1C3-9FC6528AB61B}
		{FF4B31E2-29D4-4C51-A7F9-0625D36FFD55} = {7D72A46F-E1A9-4F00-B1C3-9FC6528AB61B}
		{086A85F2-982F-4CC0-8514-038F1FED2522} = {7D72A46F-E1A9-4F00-B1C3-9FC6528AB61B}
	EndGlobalSection
	GlobalSection(ExtensibilityGlobals) = postSolution
		SolutionGuid = {BD14B071-693B-461F-9383-DB88B46C138E}
	EndGlobalSection
EndGlobal
